
Microsoft Visual Studio Solution File, Format Version 12.00
# Visual Studio Version 16
VisualStudioVersion = 16.0.30717.126
MinimumVisualStudioVersion = 10.0.40219.1
Project("{9A19103F-16F7-4668-BE54-9A1E7A4F7556}") = "DataAccess", "DataAccess\DataAccess.csproj", "{4B9DC512-01B1-4A22-8947-2A26E826AF3E}"
EndProject
Project("{9A19103F-16F7-4668-BE54-9A1E7A4F7556}") = "Business", "Buisness\Business.csproj", "{156CC599-3815-4CF3-8A30-51A639B92B9F}"
EndProject
Project("{9A19103F-16F7-4668-BE54-9A1E7A4F7556}") = "Entities", "Entities\Entities.csproj", "{02A6022A-1CA2-4283-942D-0E600361543A}"
EndProject
Project("{9A19103F-16F7-4668-BE54-9A1E7A4F7556}") = "ConsoleUI", "ConsoleUI\ConsoleUI.csproj", "{A6E42FD3-59F0-438D-BB46-4838076BD21E}"
EndProject
Project("{9A19103F-16F7-4668-BE54-9A1E7A4F7556}") = "Core", "Core\Core.csproj", "{C6732059-95B6-4532-B952-9FCED51883B1}"
EndProject
Project("{9A19103F-16F7-4668-BE54-9A1E7A4F7556}") = "WebAPI", "WebAPI\WebAPI.csproj", "{61C27948-E310-42C4-93A5-379DB6FEFA5E}"
EndProject
Global
	GlobalSection(SolutionConfigurationPlatforms) = preSolution
		Debug|Any CPU = Debug|Any CPU
		Release|Any CPU = Release|Any CPU
	EndGlobalSection
	GlobalSection(ProjectConfigurationPlatforms) = postSolution
		{4B9DC512-01B1-4A22-8947-2A26E826AF3E}.Debug|Any CPU.ActiveCfg = Debug|Any CPU
		{4B9DC512-01B1-4A22-8947-2A26E826AF3E}.Debug|Any CPU.Build.0 = Debug|Any CPU
		{4B9DC512-01B1-4A22-8947-2A26E826AF3E}.Release|Any CPU.ActiveCfg = Release|Any CPU
		{4B9DC512-01B1-4A22-8947-2A26E826AF3E}.Release|Any CPU.Build.0 = Release|Any CPU
		{156CC599-3815-4CF3-8A30-51A639B92B9F}.Debug|Any CPU.ActiveCfg = Debug|Any CPU
		{156CC599-3815-4CF3-8A30-51A639B92B9F}.Debug|Any CPU.Build.0 = Debug|Any CPU
		{156CC599-3815-4CF3-8A30-51A639B92B9F}.Release|Any CPU.ActiveCfg = Release|Any CPU
		{156CC599-3815-4CF3-8A30-51A639B92B9F}.Release|Any CPU.Build.0 = Release|Any CPU
		{02A6022A-1CA2-4283-942D-0E600361543A}.Debug|Any CPU.ActiveCfg = Debug|Any CPU
		{02A6022A-1CA2-4283-942D-0E600361543A}.Debug|Any CPU.Build.0 = Debug|Any CPU
		{02A6022A-1CA2-4283-942D-0E600361543A}.Release|Any CPU.ActiveCfg = Release|Any CPU
		{02A6022A-1CA2-4283-942D-0E600361543A}.Release|Any CPU.Build.0 = Release|Any CPU
		{A6E42FD3-59F0-438D-BB46-4838076BD21E}.Debug|Any CPU.ActiveCfg = Debug|Any CPU
		{A6E42FD3-59F0-438D-BB46-4838076BD21E}.Debug|Any CPU.Build.0 = Debug|Any CPU
		{A6E42FD3-59F0-438D-BB46-4838076BD21E}.Release|Any CPU.ActiveCfg = Release|Any CPU
		{A6E42FD3-59F0-438D-BB46-4838076BD21E}.Release|Any CPU.Build.0 = Release|Any CPU
		{C6732059-95B6-4532-B952-9FCED51883B1}.Debug|Any CPU.ActiveCfg = Debug|Any CPU
		{C6732059-95B6-4532-B952-9FCED51883B1}.Debug|Any CPU.Build.0 = Debug|Any CPU
		{C6732059-95B6-4532-B952-9FCED51883B1}.Release|Any CPU.ActiveCfg = Release|Any CPU
		{C6732059-95B6-4532-B952-9FCED51883B1}.Release|Any CPU.Build.0 = Release|Any CPU
		{61C27948-E310-42C4-93A5-379DB6FEFA5E}.Debug|Any CPU.ActiveCfg = Debug|Any CPU
		{61C27948-E310-42C4-93A5-379DB6FEFA5E}.Debug|Any CPU.Build.0 = Debug|Any CPU
		{61C27948-E310-42C4-93A5-379DB6FEFA5E}.Release|Any CPU.ActiveCfg = Release|Any CPU
		{61C27948-E310-42C4-93A5-379DB6FEFA5E}.Release|Any CPU.Build.0 = Release|Any CPU
	EndGlobalSection
	GlobalSection(SolutionProperties) = preSolution
		HideSolutionNode = FALSE
	EndGlobalSection
	GlobalSection(ExtensibilityGlobals) = postSolution
		SolutionGuid = {116BAC4F-51C3-410F-B373-39B5EB8CA8D4}
	EndGlobalSection
EndGlobal
